
Microsoft Visual Studio Solution File, Format Version 12.00
# Visual Studio Version 17
VisualStudioVersion = 17.3.32811.315
MinimumVisualStudioVersion = 10.0.40219.1
Project("{FAE04EC0-301F-11D3-BF4B-00C04F79EFBC}") = "LojaMicro.ApiProduto", "LojaMicro.ApiProduto\LojaMicro.ApiProduto.csproj", "{39A5ED21-F625-4018-B5AC-67F181720C18}"
EndProject
Global
	GlobalSection(SolutionConfigurationPlatforms) = preSolution
		Debug|Any CPU = Debug|Any CPU
		Release|Any CPU = Release|Any CPU
	EndGlobalSection
	GlobalSection(ProjectConfigurationPlatforms) = postSolution
		{39A5ED21-F625-4018-B5AC-67F181720C18}.Debug|Any CPU.ActiveCfg = Debug|Any CPU
		{39A5ED21-F625-4018-B5AC-67F181720C18}.Debug|Any CPU.Build.0 = Debug|Any CPU
		{39A5ED21-F625-4018-B5AC-67F181720C18}.Release|Any CPU.ActiveCfg = Release|Any CPU
		{39A5ED21-F625-4018-B5AC-67F181720C18}.Release|Any CPU.Build.0 = Release|Any CPU
	EndGlobalSection
	GlobalSection(SolutionProperties) = preSolution
		HideSolutionNode = FALSE
	EndGlobalSection
	GlobalSection(ExtensibilityGlobals) = postSolution
		SolutionGuid = {B391B5DA-7CBB-442C-B6A4-E65B797641DF}
	EndGlobalSection
EndGlobal
